
Microsoft Visual Studio Solution File, Format Version 12.00
# Visual Studio 14
VisualStudioVersion = 14.0.23107.0
MinimumVisualStudioVersion = 10.0.40219.1
Project("{FAE04EC0-301F-11D3-BF4B-00C04F79EFBC}") = "DamacanaStore", "DamacanaStore\DamacanaStore.csproj", "{A7C99B4A-ADF6-42F3-BA33-F967214535EB}"
EndProject
Global
	GlobalSection(SolutionConfigurationPlatforms) = preSolution
		Debug|Any CPU = Debug|Any CPU
		Release|Any CPU = Release|Any CPU
	EndGlobalSection
	GlobalSection(ProjectConfigurationPlatforms) = postSolution
		{A7C99B4A-ADF6-42F3-BA33-F967214535EB}.Debug|Any CPU.ActiveCfg = Debug|Any CPU
		{A7C99B4A-ADF6-42F3-BA33-F967214535EB}.Debug|Any CPU.Build.0 = Debug|Any CPU
		{A7C99B4A-ADF6-42F3-BA33-F967214535EB}.Release|Any CPU.ActiveCfg = Release|Any CPU
		{A7C99B4A-ADF6-42F3-BA33-F967214535EB}.Release|Any CPU.Build.0 = Release|Any CPU
	EndGlobalSection
	GlobalSection(SolutionProperties) = preSolution
		HideSolutionNode = FALSE
	EndGlobalSection
EndGlobal
